
Microsoft Visual Studio Solution File, Format Version 12.00
# Visual Studio Version 17
VisualStudioVersion = 17.5.002.0
MinimumVisualStudioVersion = 10.0.40219.1
Project("{9A19103F-16F7-4668-BE54-9A1E7A4F7556}") = "TingStoreAPI", "TingStoreAPI\TingStoreAPI.csproj", "{36B9CA70-9134-4CB4-A5F3-4840CF9766F2}"
EndProject
Project("{9A19103F-16F7-4668-BE54-9A1E7A4F7556}") = "TingStoreClient", "TingStoreClient\TingStoreClient.csproj", "{ABBAD095-E799-497D-A942-09F85A57B8F5}"
EndProject
Global
	GlobalSection(SolutionConfigurationPlatforms) = preSolution
		Debug|Any CPU = Debug|Any CPU
		Release|Any CPU = Release|Any CPU
	EndGlobalSection
	GlobalSection(ProjectConfigurationPlatforms) = postSolution
		{36B9CA70-9134-4CB4-A5F3-4840CF9766F2}.Debug|Any CPU.ActiveCfg = Debug|Any CPU
		{36B9CA70-9134-4CB4-A5F3-4840CF9766F2}.Debug|Any CPU.Build.0 = Debug|Any CPU
		{36B9CA70-9134-4CB4-A5F3-4840CF9766F2}.Release|Any CPU.ActiveCfg = Release|Any CPU
		{36B9CA70-9134-4CB4-A5F3-4840CF9766F2}.Release|Any CPU.Build.0 = Release|Any CPU
		{ABBAD095-E799-497D-A942-09F85A57B8F5}.Debug|Any CPU.ActiveCfg = Debug|Any CPU
		{ABBAD095-E799-497D-A942-09F85A57B8F5}.Debug|Any CPU.Build.0 = Debug|Any CPU
		{ABBAD095-E799-497D-A942-09F85A57B8F5}.Release|Any CPU.ActiveCfg = Release|Any CPU
		{ABBAD095-E799-497D-A942-09F85A57B8F5}.Release|Any CPU.Build.0 = Release|Any CPU
	EndGlobalSection
	GlobalSection(SolutionProperties) = preSolution
		HideSolutionNode = FALSE
	EndGlobalSection
	GlobalSection(ExtensibilityGlobals) = postSolution
		SolutionGuid = {444C3916-9EED-43FA-9E64-7AAA153E9F99}
	EndGlobalSection
EndGlobal
